<?xml version="1.0" encoding="utf-8"?>
<Project ToolsVersion="4.0" xmlns="http://schemas.microsoft.com/developer/msbuild/2003">
  <ItemGroup>
    <Filter Include="examples">
      <UniqueIdentifier>{84D830B1-70A5-8BBC-99BE-796485EAC04A}</UniqueIdentifier>
    </Filter>
  </ItemGroup>
  <ItemGroup>
    <ClInclude Include="Editor\Application.h" />
    <ClInclude Include="Editor\AssetBrowser.h" />
    <ClInclude Include="Editor\AssetPopup.h" />
    <ClInclude Include="Editor\AssetPopup.inl" />
    <ClInclude Include="Editor\AssetWidgets.h" />
    <ClInclude Include="Editor\AssetWidgets.inl" />
    <ClInclude Include="Editor\ContainerWidgets.h" />
    <ClInclude Include="Editor\ContainerWidgets.inl" />
    <ClInclude Include="Editor\EditorPCH.h" />
    <ClInclude Include="Editor\EntityBrowser.h" />
    <ClInclude Include="Editor\EntityPopup.h" />
    <ClInclude Include="Editor\FlipbookEditor.h" />
    <ClInclude Include="Editor\GameWindow.h" />
    <ClInclude Include="Editor\History.h" />
    <ClInclude Include="Editor\Inspector.h" />
    <ClInclude Include="Editor\InspectorExamples.h" />
    <ClInclude Include="Editor\InspectorWidgets.h" />
    <ClInclude Include="Editor\InspectorWidgets.inl" />
    <ClInclude Include="Editor\MainMenuBar.h" />
    <ClInclude Include="Editor\SceneWindow.h" />
    <ClInclude Include="Editor\SpriteEditor.h" />
    <ClInclude Include="Editor\SpriteExtractor.h" />
    <ClInclude Include="Editor\TrivialWidgets.h" />
    <ClInclude Include="Editor\VariantWidgets.h" />
    <ClInclude Include="Editor\VariantWidgets.inl" />
    <ClInclude Include="Editor\examples\example_attributes.h">
      <Filter>examples</Filter>
    </ClInclude>
  </ItemGroup>
  <ItemGroup>
    <ClCompile Include="Editor\Application.cpp" />
    <ClCompile Include="Editor\AssetBrowser.cpp" />
    <ClCompile Include="Editor\AssetWidgets.cpp" />
    <ClCompile Include="Editor\EditorPCH.cpp" />
    <ClCompile Include="Editor\EntityBrowser.cpp" />
    <ClCompile Include="Editor\EntityPopup.cpp" />
    <ClCompile Include="Editor\FlipbookEditor.cpp" />
    <ClCompile Include="Editor\GameWindow.cpp" />
    <ClCompile Include="Editor\History.cpp" />
    <ClCompile Include="Editor\Inspector.cpp" />
    <ClCompile Include="Editor\Main.cpp" />
    <ClCompile Include="Editor\MainMenuBar.cpp" />
    <ClCompile Include="Editor\SceneWindow.cpp" />
    <ClCompile Include="Editor\SpriteEditor.cpp" />
    <ClCompile Include="Editor\SpriteExtractor.cpp" />
    <ClCompile Include="Editor\TrivialWidgets.cpp" />
    <ClCompile Include="Editor\examples\example_attributes.cpp">
      <Filter>examples</Filter>
    </ClCompile>
  </ItemGroup>
</Project>