<?xml version="1.0" encoding="utf-8"?>
<Project ToolsVersion="4.0" xmlns="http://schemas.microsoft.com/developer/msbuild/2003">
  <ItemGroup>
    <Filter Include="Source">
      <UniqueIdentifier>{56EB95D1-428D-C0A7-2B48-D4FB178947F8}</UniqueIdentifier>
    </Filter>
  </ItemGroup>
  <ItemGroup>
    <ClInclude Include="..\..\Code\Editor\Editor\Application.h">
      <Filter>Source</Filter>
    </ClInclude>
    <ClInclude Include="..\..\Code\Editor\Editor\AssetBrowser.h">
      <Filter>Source</Filter>
    </ClInclude>
    <ClInclude Include="..\..\Code\Editor\Editor\AssetPopup.h">
      <Filter>Source</Filter>
    </ClInclude>
    <ClInclude Include="..\..\Code\Editor\Editor\AssetPopup.inl">
      <Filter>Source</Filter>
    </ClInclude>
    <ClInclude Include="..\..\Code\Editor\Editor\AssetWidgets.h">
      <Filter>Source</Filter>
    </ClInclude>
    <ClInclude Include="..\..\Code\Editor\Editor\AssetWidgets.inl">
      <Filter>Source</Filter>
    </ClInclude>
    <ClInclude Include="..\..\Code\Editor\Editor\ContainerWidgets.h">
      <Filter>Source</Filter>
    </ClInclude>
    <ClInclude Include="..\..\Code\Editor\Editor\ContainerWidgets.inl">
      <Filter>Source</Filter>
    </ClInclude>
    <ClInclude Include="..\..\Code\Editor\Editor\EditorPCH.h">
      <Filter>Source</Filter>
    </ClInclude>
    <ClInclude Include="..\..\Code\Editor\Editor\EntityBrowser.h">
      <Filter>Source</Filter>
    </ClInclude>
    <ClInclude Include="..\..\Code\Editor\Editor\EntityPopup.h">
      <Filter>Source</Filter>
    </ClInclude>
    <ClInclude Include="..\..\Code\Editor\Editor\FlipbookEditor.h">
      <Filter>Source</Filter>
    </ClInclude>
    <ClInclude Include="..\..\Code\Editor\Editor\GameWindow.h">
      <Filter>Source</Filter>
    </ClInclude>
    <ClInclude Include="..\..\Code\Editor\Editor\History.h">
      <Filter>Source</Filter>
    </ClInclude>
    <ClInclude Include="..\..\Code\Editor\Editor\Inspector.h">
      <Filter>Source</Filter>
    </ClInclude>
    <ClInclude Include="..\..\Code\Editor\Editor\InspectorExamples.h">
      <Filter>Source</Filter>
    </ClInclude>
    <ClInclude Include="..\..\Code\Editor\Editor\InspectorWidgets.h">
      <Filter>Source</Filter>
    </ClInclude>
    <ClInclude Include="..\..\Code\Editor\Editor\InspectorWidgets.inl">
      <Filter>Source</Filter>
    </ClInclude>
    <ClInclude Include="..\..\Code\Editor\Editor\MainMenuBar.h">
      <Filter>Source</Filter>
    </ClInclude>
    <ClInclude Include="..\..\Code\Editor\Editor\SceneWindow.h">
      <Filter>Source</Filter>
    </ClInclude>
    <ClInclude Include="..\..\Code\Editor\Editor\SpriteEditor.h">
      <Filter>Source</Filter>
    </ClInclude>
    <ClInclude Include="..\..\Code\Editor\Editor\SpriteExtractor.h">
      <Filter>Source</Filter>
    </ClInclude>
    <ClInclude Include="..\..\Code\Editor\Editor\TrivialWidgets.h">
      <Filter>Source</Filter>
    </ClInclude>
    <ClInclude Include="..\..\Code\Editor\Editor\VariantWidgets.h">
      <Filter>Source</Filter>
    </ClInclude>
    <ClInclude Include="..\..\Code\Editor\Editor\VariantWidgets.inl">
      <Filter>Source</Filter>
    </ClInclude>
    <ClInclude Include="..\..\Code\Editor\Editor\examples\example_attributes.h">
      <Filter>Source</Filter>
    </ClInclude>
  </ItemGroup>
  <ItemGroup>
    <ClCompile Include="..\..\Code\Editor\Editor\Application.cpp">
      <Filter>Source</Filter>
    </ClCompile>
    <ClCompile Include="..\..\Code\Editor\Editor\AssetBrowser.cpp">
      <Filter>Source</Filter>
    </ClCompile>
    <ClCompile Include="..\..\Code\Editor\Editor\AssetWidgets.cpp">
      <Filter>Source</Filter>
    </ClCompile>
    <ClCompile Include="..\..\Code\Editor\Editor\EditorPCH.cpp">
      <Filter>Source</Filter>
    </ClCompile>
    <ClCompile Include="..\..\Code\Editor\Editor\EntityBrowser.cpp">
      <Filter>Source</Filter>
    </ClCompile>
    <ClCompile Include="..\..\Code\Editor\Editor\EntityPopup.cpp">
      <Filter>Source</Filter>
    </ClCompile>
    <ClCompile Include="..\..\Code\Editor\Editor\FlipbookEditor.cpp">
      <Filter>Source</Filter>
    </ClCompile>
    <ClCompile Include="..\..\Code\Editor\Editor\GameWindow.cpp">
      <Filter>Source</Filter>
    </ClCompile>
    <ClCompile Include="..\..\Code\Editor\Editor\History.cpp">
      <Filter>Source</Filter>
    </ClCompile>
    <ClCompile Include="..\..\Code\Editor\Editor\Inspector.cpp">
      <Filter>Source</Filter>
    </ClCompile>
    <ClCompile Include="..\..\Code\Editor\Editor\Main.cpp">
      <Filter>Source</Filter>
    </ClCompile>
    <ClCompile Include="..\..\Code\Editor\Editor\MainMenuBar.cpp">
      <Filter>Source</Filter>
    </ClCompile>
    <ClCompile Include="..\..\Code\Editor\Editor\SceneWindow.cpp">
      <Filter>Source</Filter>
    </ClCompile>
    <ClCompile Include="..\..\Code\Editor\Editor\SpriteEditor.cpp">
      <Filter>Source</Filter>
    </ClCompile>
    <ClCompile Include="..\..\Code\Editor\Editor\SpriteExtractor.cpp">
      <Filter>Source</Filter>
    </ClCompile>
    <ClCompile Include="..\..\Code\Editor\Editor\TrivialWidgets.cpp">
      <Filter>Source</Filter>
    </ClCompile>
    <ClCompile Include="..\..\Code\Editor\Editor\examples\example_attributes.cpp">
      <Filter>Source</Filter>
    </ClCompile>
  </ItemGroup>
</Project>