<?xml version="1.0" encoding="utf-8"?>
<Project ToolsVersion="4.0" xmlns="http://schemas.microsoft.com/developer/msbuild/2003">
  <ItemGroup>
    <Filter Include="Source">
      <UniqueIdentifier>{56EB95D1-428D-C0A7-2B48-D4FB178947F8}</UniqueIdentifier>
    </Filter>
  </ItemGroup>
  <ItemGroup>
    <ClInclude Include="..\..\Code\Engine\Engine\Application.h">
      <Filter>Source</Filter>
    </ClInclude>
    <ClInclude Include="..\..\Code\Engine\Engine\Application.inl">
      <Filter>Source</Filter>
    </ClInclude>
    <ClInclude Include="..\..\Code\Engine\Engine\Asset.h">
      <Filter>Source</Filter>
    </ClInclude>
    <ClInclude Include="..\..\Code\Engine\Engine\AssetCache.h">
      <Filter>Source</Filter>
    </ClInclude>
    <ClInclude Include="..\..\Code\Engine\Engine\AssetHandle.h">
      <Filter>Source</Filter>
    </ClInclude>
    <ClInclude Include="..\..\Code\Engine\Engine\AssetHelpers.h">
      <Filter>Source</Filter>
    </ClInclude>
    <ClInclude Include="..\..\Code\Engine\Engine\AssetHelpers.inl">
      <Filter>Source</Filter>
    </ClInclude>
    <ClInclude Include="..\..\Code\Engine\Engine\AssetLoader.h">
      <Filter>Source</Filter>
    </ClInclude>
    <ClInclude Include="..\..\Code\Engine\Engine\AssetManager.h">
      <Filter>Source</Filter>
    </ClInclude>
    <ClInclude Include="..\..\Code\Engine\Engine\AssetManager.inl">
      <Filter>Source</Filter>
    </ClInclude>
    <ClInclude Include="..\..\Code\Engine\Engine\AssetPtr.h">
      <Filter>Source</Filter>
    </ClInclude>
    <ClInclude Include="..\..\Code\Engine\Engine\AssetTypes.h">
      <Filter>Source</Filter>
    </ClInclude>
    <ClInclude Include="..\..\Code\Engine\Engine\AttributeHelpers.h">
      <Filter>Source</Filter>
    </ClInclude>
    <ClInclude Include="..\..\Code\Engine\Engine\AttributeHelpers.inl">
      <Filter>Source</Filter>
    </ClInclude>
    <ClInclude Include="..\..\Code\Engine\Engine\AttributeTypes.h">
      <Filter>Source</Filter>
    </ClInclude>
    <ClInclude Include="..\..\Code\Engine\Engine\CameraComponent.h">
      <Filter>Source</Filter>
    </ClInclude>
    <ClInclude Include="..\..\Code\Engine\Engine\CircularBuffer.h">
      <Filter>Source</Filter>
    </ClInclude>
    <ClInclude Include="..\..\Code\Engine\Engine\CircularBuffer.inl">
      <Filter>Source</Filter>
    </ClInclude>
    <ClInclude Include="..\..\Code\Engine\Engine\CollisionChannels.h">
      <Filter>Source</Filter>
    </ClInclude>
    <ClInclude Include="..\..\Code\Engine\Engine\EnginePCH.h">
      <Filter>Source</Filter>
    </ClInclude>
    <ClInclude Include="..\..\Code\Engine\Engine\EntityTemplateAsset.h">
      <Filter>Source</Filter>
    </ClInclude>
    <ClInclude Include="..\..\Code\Engine\Engine\FileHelpers.h">
      <Filter>Source</Filter>
    </ClInclude>
    <ClInclude Include="..\..\Code\Engine\Engine\FlipbookAsset.h">
      <Filter>Source</Filter>
    </ClInclude>
    <ClInclude Include="..\..\Code\Engine\Engine\FlipbookComponent.h">
      <Filter>Source</Filter>
    </ClInclude>
    <ClInclude Include="..\..\Code\Engine\Engine\FlipbookSystem.h">
      <Filter>Source</Filter>
    </ClInclude>
    <ClInclude Include="..\..\Code\Engine\Engine\GameTime.h">
      <Filter>Source</Filter>
    </ClInclude>
    <ClInclude Include="..\..\Code\Engine\Engine\Hash.h">
      <Filter>Source</Filter>
    </ClInclude>
    <ClInclude Include="..\..\Code\Engine\Engine\JsonHelpers.h">
      <Filter>Source</Filter>
    </ClInclude>
    <ClInclude Include="..\..\Code\Engine\Engine\JsonHelpers.inl">
      <Filter>Source</Filter>
    </ClInclude>
    <ClInclude Include="..\..\Code\Engine\Engine\LevelComponent.h">
      <Filter>Source</Filter>
    </ClInclude>
    <ClInclude Include="..\..\Code\Engine\Engine\LevelSystem.h">
      <Filter>Source</Filter>
    </ClInclude>
    <ClInclude Include="..\..\Code\Engine\Engine\MathHelpers.h">
      <Filter>Source</Filter>
    </ClInclude>
    <ClInclude Include="..\..\Code\Engine\Engine\Name.h">
      <Filter>Source</Filter>
    </ClInclude>
    <ClInclude Include="..\..\Code\Engine\Engine\NameComponent.h">
      <Filter>Source</Filter>
    </ClInclude>
    <ClInclude Include="..\..\Code\Engine\Engine\NameTable.h">
      <Filter>Source</Filter>
    </ClInclude>
    <ClInclude Include="..\..\Code\Engine\Engine\ObjectPool.h">
      <Filter>Source</Filter>
    </ClInclude>
    <ClInclude Include="..\..\Code\Engine\Engine\ObjectPool.inl">
      <Filter>Source</Filter>
    </ClInclude>
    <ClInclude Include="..\..\Code\Engine\Engine\Path.h">
      <Filter>Source</Filter>
    </ClInclude>
    <ClInclude Include="..\..\Code\Engine\Engine\PhysicsManager.h">
      <Filter>Source</Filter>
    </ClInclude>
    <ClInclude Include="..\..\Code\Engine\Engine\PhysicsMaterialAsset.h">
      <Filter>Source</Filter>
    </ClInclude>
    <ClInclude Include="..\..\Code\Engine\Engine\PhysicsSystem.h">
      <Filter>Source</Filter>
    </ClInclude>
    <ClInclude Include="..\..\Code\Engine\Engine\Random.h">
      <Filter>Source</Filter>
    </ClInclude>
    <ClInclude Include="..\..\Code\Engine\Engine\Random.inl">
      <Filter>Source</Filter>
    </ClInclude>
    <ClInclude Include="..\..\Code\Engine\Engine\Reader.h">
      <Filter>Source</Filter>
    </ClInclude>
    <ClInclude Include="..\..\Code\Engine\Engine\Reader.inl">
      <Filter>Source</Filter>
    </ClInclude>
    <ClInclude Include="..\..\Code\Engine\Engine\RenderSystem.h">
      <Filter>Source</Filter>
    </ClInclude>
    <ClInclude Include="..\..\Code\Engine\Engine\RigidDynamicComponent.h">
      <Filter>Source</Filter>
    </ClInclude>
    <ClInclude Include="..\..\Code\Engine\Engine\RigidStaticComponent.h">
      <Filter>Source</Filter>
    </ClInclude>
    <ClInclude Include="..\..\Code\Engine\Engine\Screen.h">
      <Filter>Source</Filter>
    </ClInclude>
    <ClInclude Include="..\..\Code\Engine\Engine\SortHelpers.h">
      <Filter>Source</Filter>
    </ClInclude>
    <ClInclude Include="..\..\Code\Engine\Engine\SoundAsset.h">
      <Filter>Source</Filter>
    </ClInclude>
    <ClInclude Include="..\..\Code\Engine\Engine\SoundComponent.h">
      <Filter>Source</Filter>
    </ClInclude>
    <ClInclude Include="..\..\Code\Engine\Engine\SoundSystem.h">
      <Filter>Source</Filter>
    </ClInclude>
    <ClInclude Include="..\..\Code\Engine\Engine\SpriteAsset.h">
      <Filter>Source</Filter>
    </ClInclude>
    <ClInclude Include="..\..\Code\Engine\Engine\SpriteComponent.h">
      <Filter>Source</Filter>
    </ClInclude>
    <ClInclude Include="..\..\Code\Engine\Engine\String.h">
      <Filter>Source</Filter>
    </ClInclude>
    <ClInclude Include="..\..\Code\Engine\Engine\StringHelpers.h">
      <Filter>Source</Filter>
    </ClInclude>
    <ClInclude Include="..\..\Code\Engine\Engine\StringTable.h">
      <Filter>Source</Filter>
    </ClInclude>
    <ClInclude Include="..\..\Code\Engine\Engine\StringView.h">
      <Filter>Source</Filter>
    </ClInclude>
    <ClInclude Include="..\..\Code\Engine\Engine\System.h">
      <Filter>Source</Filter>
    </ClInclude>
    <ClInclude Include="..\..\Code\Engine\Engine\TextureAsset.h">
      <Filter>Source</Filter>
    </ClInclude>
    <ClInclude Include="..\..\Code\Engine\Engine\TransformComponent.h">
      <Filter>Source</Filter>
    </ClInclude>
    <ClInclude Include="..\..\Code\Engine\Engine\TypeHelpers.h">
      <Filter>Source</Filter>
    </ClInclude>
    <ClInclude Include="..\..\Code\Engine\Engine\TypeList.h">
      <Filter>Source</Filter>
    </ClInclude>
    <ClInclude Include="..\..\Code\Engine\Engine\Types.h">
      <Filter>Source</Filter>
    </ClInclude>
    <ClInclude Include="..\..\Code\Engine\Engine\VariantHelpers.h">
      <Filter>Source</Filter>
    </ClInclude>
    <ClInclude Include="..\..\Code\Engine\Engine\Vector2.h">
      <Filter>Source</Filter>
    </ClInclude>
    <ClInclude Include="..\..\Code\Engine\Engine\Vector3.h">
      <Filter>Source</Filter>
    </ClInclude>
    <ClInclude Include="..\..\Code\Engine\Engine\VectorHelpers.h">
      <Filter>Source</Filter>
    </ClInclude>
    <ClInclude Include="..\..\Code\Engine\Engine\Writer.h">
      <Filter>Source</Filter>
    </ClInclude>
    <ClInclude Include="..\..\Code\Engine\Engine\Writer.inl">
      <Filter>Source</Filter>
    </ClInclude>
  </ItemGroup>
  <ItemGroup>
    <ClCompile Include="..\..\Code\Engine\Engine\Application.cpp">
      <Filter>Source</Filter>
    </ClCompile>
    <ClCompile Include="..\..\Code\Engine\Engine\AssetHelpers.cpp">
      <Filter>Source</Filter>
    </ClCompile>
    <ClCompile Include="..\..\Code\Engine\Engine\AssetManager.cpp">
      <Filter>Source</Filter>
    </ClCompile>
    <ClCompile Include="..\..\Code\Engine\Engine\EnginePCH.cpp">
      <Filter>Source</Filter>
    </ClCompile>
    <ClCompile Include="..\..\Code\Engine\Engine\EntityTemplateAsset.cpp">
      <Filter>Source</Filter>
    </ClCompile>
    <ClCompile Include="..\..\Code\Engine\Engine\FileHelpers.cpp">
      <Filter>Source</Filter>
    </ClCompile>
    <ClCompile Include="..\..\Code\Engine\Engine\FlipbookAsset.cpp">
      <Filter>Source</Filter>
    </ClCompile>
    <ClCompile Include="..\..\Code\Engine\Engine\FlipbookSystem.cpp">
      <Filter>Source</Filter>
    </ClCompile>
    <ClCompile Include="..\..\Code\Engine\Engine\JsonHelpers.cpp">
      <Filter>Source</Filter>
    </ClCompile>
    <ClCompile Include="..\..\Code\Engine\Engine\LevelSystem.cpp">
      <Filter>Source</Filter>
    </ClCompile>
    <ClCompile Include="..\..\Code\Engine\Engine\Name.cpp">
      <Filter>Source</Filter>
    </ClCompile>
    <ClCompile Include="..\..\Code\Engine\Engine\NameTable.cpp">
      <Filter>Source</Filter>
    </ClCompile>
    <ClCompile Include="..\..\Code\Engine\Engine\Path.cpp">
      <Filter>Source</Filter>
    </ClCompile>
    <ClCompile Include="..\..\Code\Engine\Engine\PhysicsManager.cpp">
      <Filter>Source</Filter>
    </ClCompile>
    <ClCompile Include="..\..\Code\Engine\Engine\PhysicsMaterialAsset.cpp">
      <Filter>Source</Filter>
    </ClCompile>
    <ClCompile Include="..\..\Code\Engine\Engine\PhysicsSystem.cpp">
      <Filter>Source</Filter>
    </ClCompile>
    <ClCompile Include="..\..\Code\Engine\Engine\Reader.cpp">
      <Filter>Source</Filter>
    </ClCompile>
    <ClCompile Include="..\..\Code\Engine\Engine\RenderSystem.cpp">
      <Filter>Source</Filter>
    </ClCompile>
    <ClCompile Include="..\..\Code\Engine\Engine\Screen.cpp">
      <Filter>Source</Filter>
    </ClCompile>
    <ClCompile Include="..\..\Code\Engine\Engine\SortHelpers.cpp">
      <Filter>Source</Filter>
    </ClCompile>
    <ClCompile Include="..\..\Code\Engine\Engine\SoundAsset.cpp">
      <Filter>Source</Filter>
    </ClCompile>
    <ClCompile Include="..\..\Code\Engine\Engine\SoundSystem.cpp">
      <Filter>Source</Filter>
    </ClCompile>
    <ClCompile Include="..\..\Code\Engine\Engine\SpriteAsset.cpp">
      <Filter>Source</Filter>
    </ClCompile>
    <ClCompile Include="..\..\Code\Engine\Engine\StringHelpers.cpp">
      <Filter>Source</Filter>
    </ClCompile>
    <ClCompile Include="..\..\Code\Engine\Engine\TextureAsset.cpp">
      <Filter>Source</Filter>
    </ClCompile>
    <ClCompile Include="..\..\Code\Engine\Engine\VectorHelpers.cpp">
      <Filter>Source</Filter>
    </ClCompile>
    <ClCompile Include="..\..\Code\Engine\Engine\Writer.cpp">
      <Filter>Source</Filter>
    </ClCompile>
  </ItemGroup>
</Project>