<?xml version="1.0" encoding="utf-8"?>
<Project ToolsVersion="4.0" xmlns="http://schemas.microsoft.com/developer/msbuild/2003">
  <ItemGroup>
    <Filter Include="Source">
      <UniqueIdentifier>{4FC737F1-C7A5-4376-A066-2A32D752A2FF}</UniqueIdentifier>
      <Extensions>cpp;c;cc;cxx;c++;def;odl;idl;hpj;bat;asm;asmx</Extensions>
    </Filter>
    <Filter Include="Source\imgui">
      <UniqueIdentifier>{f30948dd-c540-47af-bf74-aa03c5c539f6}</UniqueIdentifier>
    </Filter>
    <Filter Include="Source\ImGuizmo">
      <UniqueIdentifier>{ebcd93ac-e913-4e2c-9d18-464f2e5e9e08}</UniqueIdentifier>
    </Filter>
    <Filter Include="Source\imgui-sfml">
      <UniqueIdentifier>{5871cdfb-363c-4402-a918-dcb2877fdff3}</UniqueIdentifier>
    </Filter>
  </ItemGroup>
  <ItemGroup>
    <ClCompile Include="..\..\3rdParty\imgui\imgui.cpp">
      <Filter>Source\imgui</Filter>
    </ClCompile>
    <ClCompile Include="..\..\3rdParty\imgui\imgui_demo.cpp">
      <Filter>Source\imgui</Filter>
    </ClCompile>
    <ClCompile Include="..\..\3rdParty\imgui\imgui_draw.cpp">
      <Filter>Source\imgui</Filter>
    </ClCompile>
    <ClCompile Include="..\..\3rdParty\imgui\imgui_tables.cpp">
      <Filter>Source\imgui</Filter>
    </ClCompile>
    <ClCompile Include="..\..\3rdParty\imgui\imgui_widgets.cpp">
      <Filter>Source\imgui</Filter>
    </ClCompile>
    <ClCompile Include="..\..\3rdParty\imgui-sfml\imgui-SFML.cpp">
      <Filter>Source\imgui-sfml</Filter>
    </ClCompile>
    <ClCompile Include="..\..\3rdParty\ImGuizmo\ImCurveEdit.cpp">
      <Filter>Source\ImGuizmo</Filter>
    </ClCompile>
    <ClCompile Include="..\..\3rdParty\ImGuizmo\ImGradient.cpp">
      <Filter>Source\ImGuizmo</Filter>
    </ClCompile>
    <ClCompile Include="..\..\3rdParty\ImGuizmo\ImGuizmo.cpp">
      <Filter>Source\ImGuizmo</Filter>
    </ClCompile>
    <ClCompile Include="..\..\3rdParty\ImGuizmo\ImSequencer.cpp">
      <Filter>Source\ImGuizmo</Filter>
    </ClCompile>
    <ClCompile Include="imgui\Custom.cpp">
      <Filter>Source</Filter>
    </ClCompile>
    <ClCompile Include="imgui\Helpers.cpp">
      <Filter>Source</Filter>
    </ClCompile>
  </ItemGroup>
  <ItemGroup>
    <ClInclude Include="..\..\3rdParty\imgui\imconfig.h">
      <Filter>Source\imgui</Filter>
    </ClInclude>
    <ClInclude Include="..\..\3rdParty\imgui\imgui.h">
      <Filter>Source\imgui</Filter>
    </ClInclude>
    <ClInclude Include="..\..\3rdParty\imgui\imgui_internal.h">
      <Filter>Source\imgui</Filter>
    </ClInclude>
    <ClInclude Include="..\..\3rdParty\imgui\imstb_rectpack.h">
      <Filter>Source\imgui</Filter>
    </ClInclude>
    <ClInclude Include="..\..\3rdParty\imgui\imstb_textedit.h">
      <Filter>Source\imgui</Filter>
    </ClInclude>
    <ClInclude Include="..\..\3rdParty\imgui\imstb_truetype.h">
      <Filter>Source\imgui</Filter>
    </ClInclude>
    <ClInclude Include="..\..\3rdParty\imgui-sfml\imconfig-SFML.h">
      <Filter>Source\imgui-sfml</Filter>
    </ClInclude>
    <ClInclude Include="..\..\3rdParty\imgui-sfml\imgui-SFML.h">
      <Filter>Source\imgui-sfml</Filter>
    </ClInclude>
    <ClInclude Include="..\..\3rdParty\imgui-sfml\imgui-SFML_export.h">
      <Filter>Source\imgui-sfml</Filter>
    </ClInclude>
    <ClInclude Include="..\..\3rdParty\ImGuizmo\ImCurveEdit.h">
      <Filter>Source\ImGuizmo</Filter>
    </ClInclude>
    <ClInclude Include="..\..\3rdParty\ImGuizmo\ImGradient.h">
      <Filter>Source\ImGuizmo</Filter>
    </ClInclude>
    <ClInclude Include="..\..\3rdParty\ImGuizmo\ImGuizmo.h">
      <Filter>Source\ImGuizmo</Filter>
    </ClInclude>
    <ClInclude Include="..\..\3rdParty\ImGuizmo\ImSequencer.h">
      <Filter>Source\ImGuizmo</Filter>
    </ClInclude>
    <ClInclude Include="..\..\3rdParty\ImGuizmo\ImZoomSlider.h">
      <Filter>Source\ImGuizmo</Filter>
    </ClInclude>
    <ClInclude Include="imgui\Custom.h">
      <Filter>Source</Filter>
    </ClInclude>
    <ClInclude Include="imgui\Helpers.h">
      <Filter>Source</Filter>
    </ClInclude>
  </ItemGroup>
</Project>