<?xml version="1.0" encoding="utf-8"?>
<Project ToolsVersion="4.0" xmlns="http://schemas.microsoft.com/developer/msbuild/2003">
  <ItemGroup>
    <Filter Include="3rdParty">
      <UniqueIdentifier>{1E6D62C3-0A3A-BDCE-3353-AB761F7FF25C}</UniqueIdentifier>
    </Filter>
    <Filter Include="3rdParty\ImGuizmo">
      <UniqueIdentifier>{3E81F3E0-AA97-F176-F30E-7D985F64C2FE}</UniqueIdentifier>
    </Filter>
    <Filter Include="3rdParty\imgui">
      <UniqueIdentifier>{08595F4B-F426-5351-DDBA-C377C9272FB6}</UniqueIdentifier>
    </Filter>
    <Filter Include="3rdParty\imgui-sfml">
      <UniqueIdentifier>{A75CF7EF-13BE-D4FD-9C2B-1BB0088C0BBD}</UniqueIdentifier>
    </Filter>
    <Filter Include="imgui">
      <UniqueIdentifier>{0098A80F-6CAC-D0C0-352E-7420A101CDF1}</UniqueIdentifier>
    </Filter>
  </ItemGroup>
  <ItemGroup>
    <ClInclude Include="..\..\3rdParty\ImGuizmo\ImCurveEdit.h">
      <Filter>3rdParty\ImGuizmo</Filter>
    </ClInclude>
    <ClInclude Include="..\..\3rdParty\ImGuizmo\ImGradient.h">
      <Filter>3rdParty\ImGuizmo</Filter>
    </ClInclude>
    <ClInclude Include="..\..\3rdParty\ImGuizmo\ImGuizmo.h">
      <Filter>3rdParty\ImGuizmo</Filter>
    </ClInclude>
    <ClInclude Include="..\..\3rdParty\ImGuizmo\ImSequencer.h">
      <Filter>3rdParty\ImGuizmo</Filter>
    </ClInclude>
    <ClInclude Include="..\..\3rdParty\ImGuizmo\ImZoomSlider.h">
      <Filter>3rdParty\ImGuizmo</Filter>
    </ClInclude>
    <ClInclude Include="..\..\3rdParty\imgui-sfml\imconfig-SFML.h">
      <Filter>3rdParty\imgui-sfml</Filter>
    </ClInclude>
    <ClInclude Include="..\..\3rdParty\imgui-sfml\imgui-SFML.h">
      <Filter>3rdParty\imgui-sfml</Filter>
    </ClInclude>
    <ClInclude Include="..\..\3rdParty\imgui-sfml\imgui-SFML_export.h">
      <Filter>3rdParty\imgui-sfml</Filter>
    </ClInclude>
    <ClInclude Include="..\..\3rdParty\imgui\imconfig.h">
      <Filter>3rdParty\imgui</Filter>
    </ClInclude>
    <ClInclude Include="..\..\3rdParty\imgui\imgui.h">
      <Filter>3rdParty\imgui</Filter>
    </ClInclude>
    <ClInclude Include="..\..\3rdParty\imgui\imgui_internal.h">
      <Filter>3rdParty\imgui</Filter>
    </ClInclude>
    <ClInclude Include="..\..\3rdParty\imgui\imstb_rectpack.h">
      <Filter>3rdParty\imgui</Filter>
    </ClInclude>
    <ClInclude Include="..\..\3rdParty\imgui\imstb_textedit.h">
      <Filter>3rdParty\imgui</Filter>
    </ClInclude>
    <ClInclude Include="..\..\3rdParty\imgui\imstb_truetype.h">
      <Filter>3rdParty\imgui</Filter>
    </ClInclude>
    <ClInclude Include="imgui\Custom.h">
      <Filter>imgui</Filter>
    </ClInclude>
    <ClInclude Include="imgui\Helpers.h">
      <Filter>imgui</Filter>
    </ClInclude>
  </ItemGroup>
  <ItemGroup>
    <ClCompile Include="..\..\3rdParty\ImGuizmo\ImCurveEdit.cpp">
      <Filter>3rdParty\ImGuizmo</Filter>
    </ClCompile>
    <ClCompile Include="..\..\3rdParty\ImGuizmo\ImGradient.cpp">
      <Filter>3rdParty\ImGuizmo</Filter>
    </ClCompile>
    <ClCompile Include="..\..\3rdParty\ImGuizmo\ImGuizmo.cpp">
      <Filter>3rdParty\ImGuizmo</Filter>
    </ClCompile>
    <ClCompile Include="..\..\3rdParty\ImGuizmo\ImSequencer.cpp">
      <Filter>3rdParty\ImGuizmo</Filter>
    </ClCompile>
    <ClCompile Include="..\..\3rdParty\imgui-sfml\imgui-SFML.cpp">
      <Filter>3rdParty\imgui-sfml</Filter>
    </ClCompile>
    <ClCompile Include="..\..\3rdParty\imgui\imgui.cpp">
      <Filter>3rdParty\imgui</Filter>
    </ClCompile>
    <ClCompile Include="..\..\3rdParty\imgui\imgui_demo.cpp">
      <Filter>3rdParty\imgui</Filter>
    </ClCompile>
    <ClCompile Include="..\..\3rdParty\imgui\imgui_draw.cpp">
      <Filter>3rdParty\imgui</Filter>
    </ClCompile>
    <ClCompile Include="..\..\3rdParty\imgui\imgui_tables.cpp">
      <Filter>3rdParty\imgui</Filter>
    </ClCompile>
    <ClCompile Include="..\..\3rdParty\imgui\imgui_widgets.cpp">
      <Filter>3rdParty\imgui</Filter>
    </ClCompile>
    <ClCompile Include="imgui\Custom.cpp">
      <Filter>imgui</Filter>
    </ClCompile>
    <ClCompile Include="imgui\Helpers.cpp">
      <Filter>imgui</Filter>
    </ClCompile>
  </ItemGroup>
</Project>